// !$*UTF8*$!
{
	archiveVersion = 1;
	classes = {
	};
	objectVersion = 46;
	objects = {

/* Begin PBXBuildFile section */
		D9B82A0B1A24A39A00C32F39 /* main.m in Sources */ = {isa = PBXBuildFile; fileRef = D9B82A0A1A24A39A00C32F39 /* main.m */; };
		D9B82A0E1A24A39A00C32F39 /* AppDelegate.m in Sources */ = {isa = PBXBuildFile; fileRef = D9B82A0D1A24A39A00C32F39 /* AppDelegate.m */; };
		D9B82A111A24A39A00C32F39 /* MasterViewController.m in Sources */ = {isa = PBXBuildFile; fileRef = D9B82A101A24A39A00C32F39 /* MasterViewController.m */; };
		D9B82A141A24A39A00C32F39 /* DetailViewController.m in Sources */ = {isa = PBXBuildFile; fileRef = D9B82A131A24A39A00C32F39 /* DetailViewController.m */; };
		D9B82A171A24A39A00C32F39 /* Main.storyboard in Resources */ = {isa = PBXBuildFile; fileRef = D9B82A151A24A39A00C32F39 /* Main.storyboard */; };
		D9B82A191A24A39B00C32F39 /* Images.xcassets in Resources */ = {isa = PBXBuildFile; fileRef = D9B82A181A24A39B00C32F39 /* Images.xcassets */; };
		D9B82A1C1A24A39B00C32F39 /* LaunchScreen.xib in Resources */ = {isa = PBXBuildFile; fileRef = D9B82A1A1A24A39B00C32F39 /* LaunchScreen.xib */; };
		D9B82A281A24A39B00C32F39 /* KifSwiftDemoTests.m in Sources */ = {isa = PBXBuildFile; fileRef = D9B82A271A24A39B00C32F39 /* KifSwiftDemoTests.m */; };
/* End PBXBuildFile section */

/* Begin PBXContainerItemProxy section */
		D9B82A221A24A39B00C32F39 /* PBXContainerItemProxy */ = {
			isa = PBXContainerItemProxy;
			containerPortal = D9B829FD1A24A39A00C32F39 /* Project object */;
			proxyType = 1;
			remoteGlobalIDString = D9B82A041A24A39A00C32F39;
			remoteInfo = KifSwiftDemo;
		};
/* End PBXContainerItemProxy section */

/* Begin PBXFileReference section */
		D9B82A051A24A39A00C32F39 /* KifSwiftDemo.app */ = {isa = PBXFileReference; explicitFileType = wrapper.application; includeInIndex = 0; path = KifSwiftDemo.app; sourceTree = BUILT_PRODUCTS_DIR; };
		D9B82A091A24A39A00C32F39 /* Info.plist */ = {isa = PBXFileReference; lastKnownFileType = text.plist.xml; path = Info.plist; sourceTree = "<group>"; };
		D9B82A0A1A24A39A00C32F39 /* main.m */ = {isa = PBXFileReference; lastKnownFileType = sourcecode.c.objc; path = main.m; sourceTree = "<group>"; };
		D9B82A0C1A24A39A00C32F39 /* AppDelegate.h */ = {isa = PBXFileReference; lastKnownFileType = sourcecode.c.h; path = AppDelegate.h; sourceTree = "<group>"; };
		D9B82A0D1A24A39A00C32F39 /* AppDelegate.m */ = {isa = PBXFileReference; lastKnownFileType = sourcecode.c.objc; path = AppDelegate.m; sourceTree = "<group>"; };
		D9B82A0F1A24A39A00C32F39 /* MasterViewController.h */ = {isa = PBXFileReference; lastKnownFileType = sourcecode.c.h; path = MasterViewController.h; sourceTree = "<group>"; };
		D9B82A101A24A39A00C32F39 /* MasterViewController.m */ = {isa = PBXFileReference; lastKnownFileType = sourcecode.c.objc; path = MasterViewController.m; sourceTree = "<group>"; };
		D9B82A121A24A39A00C32F39 /* DetailViewController.h */ = {isa = PBXFileReference; lastKnownFileType = sourcecode.c.h; path = DetailViewController.h; sourceTree = "<group>"; };
		D9B82A131A24A39A00C32F39 /* DetailViewController.m */ = {isa = PBXFileReference; lastKnownFileType = sourcecode.c.objc; path = DetailViewController.m; sourceTree = "<group>"; };
		D9B82A161A24A39A00C32F39 /* Base */ = {isa = PBXFileReference; lastKnownFileType = file.storyboard; name = Base; path = Base.lproj/Main.storyboard; sourceTree = "<group>"; };
		D9B82A181A24A39B00C32F39 /* Images.xcassets */ = {isa = PBXFileReference; lastKnownFileType = folder.assetcatalog; path = Images.xcassets; sourceTree = "<group>"; };
		D9B82A1B1A24A39B00C32F39 /* Base */ = {isa = PBXFileReference; lastKnownFileType = file.xib; name = Base; path = Base.lproj/LaunchScreen.xib; sourceTree = "<group>"; };
		D9B82A211A24A39B00C32F39 /* KifSwiftDemoTests.xctest */ = {isa = PBXFileReference; explicitFileType = wrapper.cfbundle; includeInIndex = 0; path = KifSwiftDemoTests.xctest; sourceTree = BUILT_PRODUCTS_DIR; };
		D9B82A261A24A39B00C32F39 /* Info.plist */ = {isa = PBXFileReference; lastKnownFileType = text.plist.xml; path = Info.plist; sourceTree = "<group>"; };
		D9B82A271A24A39B00C32F39 /* KifSwiftDemoTests.m */ = {isa = PBXFileReference; lastKnownFileType = sourcecode.c.objc; path = KifSwiftDemoTests.m; sourceTree = "<group>"; };
/* End PBXFileReference section */

/* Begin PBXFrameworksBuildPhase section */
		D9B82A021A24A39A00C32F39 /* Frameworks */ = {
			isa = PBXFrameworksBuildPhase;
			buildActionMask = 2147483647;
			files = (
			);
			runOnlyForDeploymentPostprocessing = 0;
		};
		D9B82A1E1A24A39B00C32F39 /* Frameworks */ = {
			isa = PBXFrameworksBuildPhase;
			buildActionMask = 2147483647;
			files = (
			);
			runOnlyForDeploymentPostprocessing = 0;
		};
/* End PBXFrameworksBuildPhase section */

/* Begin PBXGroup section */
		D9B829FC1A24A39A00C32F39 = {
			isa = PBXGroup;
			children = (
				D9B82A071A24A39A00C32F39 /* KifSwiftDemo */,
				D9B82A241A24A39B00C32F39 /* KifSwiftDemoTests */,
				D9B82A061A24A39A00C32F39 /* Products */,
			);
			sourceTree = "<group>";
		};
		D9B82A061A24A39A00C32F39 /* Products */ = {
			isa = PBXGroup;
			children = (
				D9B82A051A24A39A00C32F39 /* KifSwiftDemo.app */,
				D9B82A211A24A39B00C32F39 /* KifSwiftDemoTests.xctest */,
			);
			name = Products;
			sourceTree = "<group>";
		};
		D9B82A071A24A39A00C32F39 /* KifSwiftDemo */ = {
			isa = PBXGroup;
			children = (
				D9B82A0C1A24A39A00C32F39 /* AppDelegate.h */,
				D9B82A0D1A24A39A00C32F39 /* AppDelegate.m */,
				D9B82A0F1A24A39A00C32F39 /* MasterViewController.h */,
				D9B82A101A24A39A00C32F39 /* MasterViewController.m */,
				D9B82A121A24A39A00C32F39 /* DetailViewController.h */,
				D9B82A131A24A39A00C32F39 /* DetailViewController.m */,
				D9B82A151A24A39A00C32F39 /* Main.storyboard */,
				D9B82A181A24A39B00C32F39 /* Images.xcassets */,
				D9B82A1A1A24A39B00C32F39 /* LaunchScreen.xib */,
				D9B82A081A24A39A00C32F39 /* Supporting Files */,
			);
			path = KifSwiftDemo;
			sourceTree = "<group>";
		};
		D9B82A081A24A39A00C32F39 /* Supporting Files */ = {
			isa = PBXGroup;
			children = (
				D9B82A091A24A39A00C32F39 /* Info.plist */,
				D9B82A0A1A24A39A00C32F39 /* main.m */,
			);
			name = "Supporting Files";
			sourceTree = "<group>";
		};
		D9B82A241A24A39B00C32F39 /* KifSwiftDemoTests */ = {
			isa = PBXGroup;
			children = (
				D9B82A271A24A39B00C32F39 /* KifSwiftDemoTests.m */,
				D9B82A251A24A39B00C32F39 /* Supporting Files */,
			);
			path = KifSwiftDemoTests;
			sourceTree = "<group>";
		};
		D9B82A251A24A39B00C32F39 /* Supporting Files */ = {
			isa = PBXGroup;
			children = (
				D9B82A261A24A39B00C32F39 /* Info.plist */,
			);
			name = "Supporting Files";
			sourceTree = "<group>";
		};
/* End PBXGroup section */

/* Begin PBXNativeTarget section */
		D9B82A041A24A39A00C32F39 /* KifSwiftDemo */ = {
			isa = PBXNativeTarget;
			buildConfigurationList = D9B82A2B1A24A39B00C32F39 /* Build configuration list for PBXNativeTarget "KifSwiftDemo" */;
			buildPhases = (
				D9B82A011A24A39A00C32F39 /* Sources */,
				D9B82A021A24A39A00C32F39 /* Frameworks */,
				D9B82A031A24A39A00C32F39 /* Resources */,
			);
			buildRules = (
			);
			dependencies = (
			);
			name = KifSwiftDemo;
			productName = KifSwiftDemo;
			productReference = D9B82A051A24A39A00C32F39 /* KifSwiftDemo.app */;
			productType = "com.apple.product-type.application";
		};
		D9B82A201A24A39B00C32F39 /* KifSwiftDemoTests */ = {
			isa = PBXNativeTarget;
			buildConfigurationList = D9B82A2E1A24A39B00C32F39 /* Build configuration list for PBXNativeTarget "KifSwiftDemoTests" */;
			buildPhases = (
				D9B82A1D1A24A39B00C32F39 /* Sources */,
				D9B82A1E1A24A39B00C32F39 /* Frameworks */,
				D9B82A1F1A24A39B00C32F39 /* Resources */,
			);
			buildRules = (
			);
			dependencies = (
				D9B82A231A24A39B00C32F39 /* PBXTargetDependency */,
			);
			name = KifSwiftDemoTests;
			productName = KifSwiftDemoTests;
			productReference = D9B82A211A24A39B00C32F39 /* KifSwiftDemoTests.xctest */;
			productType = "com.apple.product-type.bundle.unit-test";
		};
/* End PBXNativeTarget section */

/* Begin PBXProject section */
		D9B829FD1A24A39A00C32F39 /* Project object */ = {
			isa = PBXProject;
			attributes = {
				LastUpgradeCheck = 0610;
				ORGANIZATIONNAME = "Rob Saunders";
				TargetAttributes = {
					D9B82A041A24A39A00C32F39 = {
						CreatedOnToolsVersion = 6.1;
					};
					D9B82A201A24A39B00C32F39 = {
						CreatedOnToolsVersion = 6.1;
						TestTargetID = D9B82A041A24A39A00C32F39;
					};
				};
			};
			buildConfigurationList = D9B82A001A24A39A00C32F39 /* Build configuration list for PBXProject "KifSwiftDemo" */;
			compatibilityVersion = "Xcode 3.2";
			developmentRegion = English;
			hasScannedForEncodings = 0;
			knownRegions = (
				en,
				Base,
			);
			mainGroup = D9B829FC1A24A39A00C32F39;
			productRefGroup = D9B82A061A24A39A00C32F39 /* Products */;
			projectDirPath = "";
			projectRoot = "";
			targets = (
				D9B82A041A24A39A00C32F39 /* KifSwiftDemo */,
				D9B82A201A24A39B00C32F39 /* KifSwiftDemoTests */,
			);
		};
/* End PBXProject section */

/* Begin PBXResourcesBuildPhase section */
		D9B82A031A24A39A00C32F39 /* Resources */ = {
			isa = PBXResourcesBuildPhase;
			buildActionMask = 2147483647;
			files = (
				D9B82A171A24A39A00C32F39 /* Main.storyboard in Resources */,
				D9B82A1C1A24A39B00C32F39 /* LaunchScreen.xib in Resources */,
				D9B82A191A24A39B00C32F39 /* Images.xcassets in Resources */,
			);
			runOnlyForDeploymentPostprocessing = 0;
		};
		D9B82A1F1A24A39B00C32F39 /* Resources */ = {
			isa = PBXResourcesBuildPhase;
			buildActionMask = 2147483647;
			files = (
			);
			runOnlyForDeploymentPostprocessing = 0;
		};
/* End PBXResourcesBuildPhase section */

/* Begin PBXSourcesBuildPhase section */
		D9B82A011A24A39A00C32F39 /* Sources */ = {
			isa = PBXSourcesBuildPhase;
			buildActionMask = 2147483647;
			files = (
				D9B82A0E1A24A39A00C32F39 /* AppDelegate.m in Sources */,
				D9B82A111A24A39A00C32F39 /* MasterViewController.m in Sources */,
				D9B82A0B1A24A39A00C32F39 /* main.m in Sources */,
				D9B82A141A24A39A00C32F39 /* DetailViewController.m in Sources */,
			);
			runOnlyForDeploymentPostprocessing = 0;
		};
		D9B82A1D1A24A39B00C32F39 /* Sources */ = {
			isa = PBXSourcesBuildPhase;
			buildActionMask = 2147483647;
			files = (
				D9B82A281A24A39B00C32F39 /* KifSwiftDemoTests.m in Sources */,
			);
			runOnlyForDeploymentPostprocessing = 0;
		};
/* End PBXSourcesBuildPhase section */

/* Begin PBXTargetDependency section */
		D9B82A231A24A39B00C32F39 /* PBXTargetDependency */ = {
			isa = PBXTargetDependency;
			target = D9B82A041A24A39A00C32F39 /* KifSwiftDemo */;
			targetProxy = D9B82A221A24A39B00C32F39 /* PBXContainerItemProxy */;
		};
/* End PBXTargetDependency section */

/* Begin PBXVariantGroup section */
		D9B82A151A24A39A00C32F39 /* Main.storyboard */ = {
			isa = PBXVariantGroup;
			children = (
				D9B82A161A24A39A00C32F39 /* Base */,
			);
			name = Main.storyboard;
			sourceTree = "<group>";
		};
		D9B82A1A1A24A39B00C32F39 /* LaunchScreen.xib */ = {
			isa = PBXVariantGroup;
			children = (
				D9B82A1B1A24A39B00C32F39 /* Base */,
			);
			name = LaunchScreen.xib;
			sourceTree = "<group>";
		};
/* End PBXVariantGroup section */

/* Begin XCBuildConfiguration section */
		D9B82A291A24A39B00C32F39 /* Debug */ = {
			isa = XCBuildConfiguration;
			buildSettings = {
				ALWAYS_SEARCH_USER_PATHS = NO;
				CLANG_CXX_LANGUAGE_STANDARD = "gnu++0x";
				CLANG_CXX_LIBRARY = "libc++";
				CLANG_ENABLE_MODULES = YES;
				CLANG_ENABLE_OBJC_ARC = YES;
				CLANG_WARN_BOOL_CONVERSION = YES;
				CLANG_WARN_CONSTANT_CONVERSION = YES;
				CLANG_WARN_DIRECT_OBJC_ISA_USAGE = YES_ERROR;
				CLANG_WARN_EMPTY_BODY = YES;
				CLANG_WARN_ENUM_CONVERSION = YES;
				CLANG_WARN_INT_CONVERSION = YES;
				CLANG_WARN_OBJC_ROOT_CLASS = YES_ERROR;
				CLANG_WARN_UNREACHABLE_CODE = YES;
				CLANG_WARN__DUPLICATE_METHOD_MATCH = YES;
				"CODE_SIGN_IDENTITY[sdk=iphoneos*]" = "iPhone Developer";
				COPY_PHASE_STRIP = NO;
				ENABLE_STRICT_OBJC_MSGSEND = YES;
				GCC_C_LANGUAGE_STANDARD = gnu99;
				GCC_DYNAMIC_NO_PIC = NO;
				GCC_OPTIMIZATION_LEVEL = 0;
				GCC_PREPROCESSOR_DEFINITIONS = (
					"DEBUG=1",
					"$(inherited)",
				);
				GCC_SYMBOLS_PRIVATE_EXTERN = NO;
				GCC_WARN_64_TO_32_BIT_CONVERSION = YES;
				GCC_WARN_ABOUT_RETURN_TYPE = YES_ERROR;
				GCC_WARN_UNDECLARED_SELECTOR = YES;
				GCC_WARN_UNINITIALIZED_AUTOS = YES_AGGRESSIVE;
				GCC_WARN_UNUSED_FUNCTION = YES;
				GCC_WARN_UNUSED_VARIABLE = YES;
				IPHONEOS_DEPLOYMENT_TARGET = 8.1;
				MTL_ENABLE_DEBUG_INFO = YES;
				ONLY_ACTIVE_ARCH = YES;
				SDKROOT = iphoneos;
				TARGETED_DEVICE_FAMILY = "1,2";
			};
			name = Debug;
		};
		D9B82A2A1A24A39B00C32F39 /* Release */ = {
			isa = XCBuildConfiguration;
			buildSettings = {
				ALWAYS_SEARCH_USER_PATHS = NO;
				CLANG_CXX_LANGUAGE_STANDARD = "gnu++0x";
				CLANG_CXX_LIBRARY = "libc++";
				CLANG_ENABLE_MODULES = YES;
				CLANG_ENABLE_OBJC_ARC = YES;
				CLANG_WARN_BOOL_CONVERSION = YES;
				CLANG_WARN_CONSTANT_CONVERSION = YES;
				CLANG_WARN_DIRECT_OBJC_ISA_USAGE = YES_ERROR;
				CLANG_WARN_EMPTY_BODY = YES;
				CLANG_WARN_ENUM_CONVERSION = YES;
				CLANG_WARN_INT_CONVERSION = YES;
				CLANG_WARN_OBJC_ROOT_CLASS = YES_ERROR;
				CLANG_WARN_UNREACHABLE_CODE = YES;
				CLANG_WARN__DUPLICATE_METHOD_MATCH = YES;
				"CODE_SIGN_IDENTITY[sdk=iphoneos*]" = "iPhone Developer";
				COPY_PHASE_STRIP = YES;
				ENABLE_NS_ASSERTIONS = NO;
				ENABLE_STRICT_OBJC_MSGSEND = YES;
				GCC_C_LANGUAGE_STANDARD = gnu99;
				GCC_WARN_64_TO_32_BIT_CONVERSION = YES;
				GCC_WARN_ABOUT_RETURN_TYPE = YES_ERROR;
				GCC_WARN_UNDECLARED_SELECTOR = YES;
				GCC_WARN_UNINITIALIZED_AUTOS = YES_AGGRESSIVE;
				GCC_WARN_UNUSED_FUNCTION = YES;
				GCC_WARN_UNUSED_VARIABLE = YES;
				IPHONEOS_DEPLOYMENT_TARGET = 8.1;
				MTL_ENABLE_DEBUG_INFO = NO;
				SDKROOT = iphoneos;
				TARGETED_DEVICE_FAMILY = "1,2";
				VALIDATE_PRODUCT = YES;
			};
			name = Release;
		};
		D9B82A2C1A24A39B00C32F39 /* Debug */ = {
			isa = XCBuildConfiguration;
			buildSettings = {
				ASSETCATALOG_COMPILER_APPICON_NAME = AppIcon;
				INFOPLIST_FILE = KifSwiftDemo/Info.plist;
				LD_RUNPATH_SEARCH_PATHS = "$(inherited) @executable_path/Frameworks";
				PRODUCT_NAME = "$(TARGET_NAME)";
			};
			name = Debug;
		};
		D9B82A2D1A24A39B00C32F39 /* Release */ = {
			isa = XCBuildConfiguration;
			buildSettings = {
				ASSETCATALOG_COMPILER_APPICON_NAME = AppIcon;
				INFOPLIST_FILE = KifSwiftDemo/Info.plist;
				LD_RUNPATH_SEARCH_PATHS = "$(inherited) @executable_path/Frameworks";
				PRODUCT_NAME = "$(TARGET_NAME)";
			};
			name = Release;
		};
		D9B82A2F1A24A39B00C32F39 /* Debug */ = {
			isa = XCBuildConfiguration;
			buildSettings = {
				BUNDLE_LOADER = "$(TEST_HOST)";
				FRAMEWORK_SEARCH_PATHS = (
					"$(SDKROOT)/Developer/Library/Frameworks",
					"$(inherited)",
				);
				GCC_PREPROCESSOR_DEFINITIONS = (
					"DEBUG=1",
					"$(inherited)",
				);
				INFOPLIST_FILE = KifSwiftDemoTests/Info.plist;
				LD_RUNPATH_SEARCH_PATHS = "$(inherited) @executable_path/Frameworks @loader_path/Frameworks";
				PRODUCT_NAME = "$(TARGET_NAME)";
				TEST_HOST = "$(BUILT_PRODUCTS_DIR)/KifSwiftDemo.app/KifSwiftDemo";
			};
			name = Debug;
		};
		D9B82A301A24A39B00C32F39 /* Release */ = {
			isa = XCBuildConfiguration;
			buildSettings = {
				BUNDLE_LOADER = "$(TEST_HOST)";
				FRAMEWORK_SEARCH_PATHS = (
					"$(SDKROOT)/Developer/Library/Frameworks",
					"$(inherited)",
				);
				INFOPLIST_FILE = KifSwiftDemoTests/Info.plist;
				LD_RUNPATH_SEARCH_PATHS = "$(inherited) @executable_path/Frameworks @loader_path/Frameworks";
				PRODUCT_NAME = "$(TARGET_NAME)";
				TEST_HOST = "$(BUILT_PRODUCTS_DIR)/KifSwiftDemo.app/KifSwiftDemo";
			};
			name = Release;
		};
/* End XCBuildConfiguration section */

/* Begin XCConfigurationList section */
		D9B82A001A24A39A00C32F39 /* Build configuration list for PBXProject "KifSwiftDemo" */ = {
			isa = XCConfigurationList;
			buildConfigurations = (
				D9B82A291A24A39B00C32F39 /* Debug */,
				D9B82A2A1A24A39B00C32F39 /* Release */,
			);
			defaultConfigurationIsVisible = 0;
			defaultConfigurationName = Release;
		};
		D9B82A2B1A24A39B00C32F39 /* Build configuration list for PBXNativeTarget "KifSwiftDemo" */ = {
			isa = XCConfigurationList;
			buildConfigurations = (
				D9B82A2C1A24A39B00C32F39 /* Debug */,
				D9B82A2D1A24A39B00C32F39 /* Release */,
			);
			defaultConfigurationIsVisible = 0;
		};
		D9B82A2E1A24A39B00C32F39 /* Build configuration list for PBXNativeTarget "KifSwiftDemoTests" */ = {
			isa = XCConfigurationList;
			buildConfigurations = (
				D9B82A2F1A24A39B00C32F39 /* Debug */,
				D9B82A301A24A39B00C32F39 /* Release */,
			);
			defaultConfigurationIsVisible = 0;
		};
/* End XCConfigurationList section */
	};
	rootObject = D9B829FD1A24A39A00C32F39 /* Project object */;
}
